
Microsoft Visual Studio Solution File, Format Version 12.00
# Visual Studio Version 17
VisualStudioVersion = 17.3.32901.215
MinimumVisualStudioVersion = 10.0.40219.1
Project("{FAE04EC0-301F-11D3-BF4B-00C04F79EFBC}") = "Final_Project_Conference_Room_Booking", "Final_Project_Conference_Room_Booking.csproj", "{994245C3-FFCE-4D53-A905-B3142D9BCD0F}"
EndProject
Global
	GlobalSection(SolutionConfigurationPlatforms) = preSolution
		Debug|Any CPU = Debug|Any CPU
		Release|Any CPU = Release|Any CPU
	EndGlobalSection
	GlobalSection(ProjectConfigurationPlatforms) = postSolution
		{994245C3-FFCE-4D53-A905-B3142D9BCD0F}.Debug|Any CPU.ActiveCfg = Debug|Any CPU
		{994245C3-FFCE-4D53-A905-B3142D9BCD0F}.Debug|Any CPU.Build.0 = Debug|Any CPU
		{994245C3-FFCE-4D53-A905-B3142D9BCD0F}.Release|Any CPU.ActiveCfg = Release|Any CPU
		{994245C3-FFCE-4D53-A905-B3142D9BCD0F}.Release|Any CPU.Build.0 = Release|Any CPU
	EndGlobalSection
	GlobalSection(SolutionProperties) = preSolution
		HideSolutionNode = FALSE
	EndGlobalSection
	GlobalSection(ExtensibilityGlobals) = postSolution
		SolutionGuid = {23F8D946-87D6-4DD8-AB21-885FF5126C46}
	EndGlobalSection
EndGlobal
